
Microsoft Visual Studio Solution File, Format Version 12.00
Project("{FAE04EC0-301F-11D3-BF4B-00C04F79EFBC}") = "DynamicLocalization.Avalonia", "src\DynamicLocalization.Avalonia\DynamicLocalization.Avalonia.csproj", "{5C30D4A3-321C-49CD-BEA7-68834174A478}"
EndProject
Project("{FAE04EC0-301F-11D3-BF4B-00C04F79EFBC}") = "DynamicLocalization.Core", "src\DynamicLocalization.Core\DynamicLocalization.Core.csproj", "{BFE24C18-B699-48A7-9FC4-271DC9ED5C70}"
EndProject
Project("{FAE04EC0-301F-11D3-BF4B-00C04F79EFBC}") = "DynamicLocalization.WPF", "src\DynamicLocalization.WPF\DynamicLocalization.WPF.csproj", "{13C1A167-C14E-46A7-B53A-F332DC1329ED}"
EndProject
Project("{FAE04EC0-301F-11D3-BF4B-00C04F79EFBC}") = "DynamicLocalization.DependencyInjection", "src\DynamicLocalization.DependencyInjection\DynamicLocalization.DependencyInjection.csproj", "{A1B2C3D4-E5F6-7890-ABCD-EF1234567890}"
EndProject
Project("{FAE04EC0-301F-11D3-BF4B-00C04F79EFBC}") = "DynamicLocalization.Demo.Avalonia.Resx", "demo\DynamicLocalization.Demo.Avalonia.Resx\DynamicLocalization.Demo.Avalonia.Resx.csproj", "{3C45B707-ADC9-493D-ADD5-6DF3B2F5ED41}"
EndProject
Project("{FAE04EC0-301F-11D3-BF4B-00C04F79EFBC}") = "DynamicLocalization.Demo.Avalonia.Json", "demo\DynamicLocalization.Demo.Avalonia.Json\DynamicLocalization.Demo.Avalonia.Json.csproj", "{2715620A-2053-4F41-A20C-7FDCB87F4E7E}"
EndProject
Project("{FAE04EC0-301F-11D3-BF4B-00C04F79EFBC}") = "DynamicLocalization.Demo.WPF.Json", "demo\DynamicLocalization.Demo.WPF.Json\DynamicLocalization.Demo.WPF.Json.csproj", "{18304789-F002-47C4-BA31-2B9DB1B92AFA}"
EndProject
Project("{FAE04EC0-301F-11D3-BF4B-00C04F79EFBC}") = "DynamicLocalization.Demo.Wpf.Resx", "demo\DynamicLocalization.Demo.Wpf.Resx\DynamicLocalization.Demo.Wpf.Resx.csproj", "{9C5FB51F-18A9-44E1-BA65-9B8A18229441}"
EndProject
Project("{2150E333-8FDC-42A3-9474-1A3956D46DE8}") = "src", "src", "{26708333-A48C-4A64-B37C-D4511DD7FE96}"
EndProject
Project("{2150E333-8FDC-42A3-9474-1A3956D46DE8}") = "demo", "demo", "{81A30560-B56F-49A8-81DD-DD2C68453F14}"
EndProject
Project("{2150E333-8FDC-42A3-9474-1A3956D46DE8}") = "tests", "tests", "{0AB3BF05-4346-4AA6-1389-037BE0695223}"
EndProject
Project("{FAE04EC0-301F-11D3-BF4B-00C04F79EFBC}") = "DynamicLocalization.Core.Tests", "tests\DynamicLocalization.Core.Tests\DynamicLocalization.Core.Tests.csproj", "{721BE685-EE7D-4B20-AB16-6CAC70F05E8C}"
EndProject
Global
	GlobalSection(SolutionConfigurationPlatforms) = preSolution
		Debug|Any CPU = Debug|Any CPU
		Debug|x64 = Debug|x64
		Debug|x86 = Debug|x86
		Release|Any CPU = Release|Any CPU
		Release|x64 = Release|x64
		Release|x86 = Release|x86
	EndGlobalSection
	GlobalSection(ProjectConfigurationPlatforms) = postSolution
		{5C30D4A3-321C-49CD-BEA7-68834174A478}.Debug|Any CPU.ActiveCfg = Debug|Any CPU
		{5C30D4A3-321C-49CD-BEA7-68834174A478}.Debug|Any CPU.Build.0 = Debug|Any CPU
		{5C30D4A3-321C-49CD-BEA7-68834174A478}.Debug|x64.ActiveCfg = Debug|Any CPU
		{5C30D4A3-321C-49CD-BEA7-68834174A478}.Debug|x64.Build.0 = Debug|Any CPU
		{5C30D4A3-321C-49CD-BEA7-68834174A478}.Debug|x86.ActiveCfg = Debug|Any CPU
		{5C30D4A3-321C-49CD-BEA7-68834174A478}.Debug|x86.Build.0 = Debug|Any CPU
		{5C30D4A3-321C-49CD-BEA7-68834174A478}.Release|Any CPU.ActiveCfg = Release|Any CPU
		{5C30D4A3-321C-49CD-BEA7-68834174A478}.Release|Any CPU.Build.0 = Release|Any CPU
		{5C30D4A3-321C-49CD-BEA7-68834174A478}.Release|x64.ActiveCfg = Release|Any CPU
		{5C30D4A3-321C-49CD-BEA7-68834174A478}.Release|x64.Build.0 = Release|Any CPU
		{5C30D4A3-321C-49CD-BEA7-68834174A478}.Release|x86.ActiveCfg = Release|Any CPU
		{5C30D4A3-321C-49CD-BEA7-68834174A478}.Release|x86.Build.0 = Release|Any CPU
		{BFE24C18-B699-48A7-9FC4-271DC9ED5C70}.Debug|Any CPU.ActiveCfg = Debug|Any CPU
		{BFE24C18-B699-48A7-9FC4-271DC9ED5C70}.Debug|Any CPU.Build.0 = Debug|Any CPU
		{BFE24C18-B699-48A7-9FC4-271DC9ED5C70}.Debug|x64.ActiveCfg = Debug|Any CPU
		{BFE24C18-B699-48A7-9FC4-271DC9ED5C70}.Debug|x64.Build.0 = Debug|Any CPU
		{BFE24C18-B699-48A7-9FC4-271DC9ED5C70}.Debug|x86.ActiveCfg = Debug|Any CPU
		{BFE24C18-B699-48A7-9FC4-271DC9ED5C70}.Debug|x86.Build.0 = Debug|Any CPU
		{BFE24C18-B699-48A7-9FC4-271DC9ED5C70}.Release|Any CPU.ActiveCfg = Release|Any CPU
		{BFE24C18-B699-48A7-9FC4-271DC9ED5C70}.Release|Any CPU.Build.0 = Release|Any CPU
		{BFE24C18-B699-48A7-9FC4-271DC9ED5C70}.Release|x64.ActiveCfg = Release|Any CPU
		{BFE24C18-B699-48A7-9FC4-271DC9ED5C70}.Release|x64.Build.0 = Release|Any CPU
		{BFE24C18-B699-48A7-9FC4-271DC9ED5C70}.Release|x86.ActiveCfg = Release|Any CPU
		{BFE24C18-B699-48A7-9FC4-271DC9ED5C70}.Release|x86.Build.0 = Release|Any CPU
		{13C1A167-C14E-46A7-B53A-F332DC1329ED}.Debug|Any CPU.ActiveCfg = Debug|Any CPU
		{13C1A167-C14E-46A7-B53A-F332DC1329ED}.Debug|Any CPU.Build.0 = Debug|Any CPU
		{13C1A167-C14E-46A7-B53A-F332DC1329ED}.Debug|x64.ActiveCfg = Debug|Any CPU
		{13C1A167-C14E-46A7-B53A-F332DC1329ED}.Debug|x64.Build.0 = Debug|Any CPU
		{13C1A167-C14E-46A7-B53A-F332DC1329ED}.Debug|x86.ActiveCfg = Debug|Any CPU
		{13C1A167-C14E-46A7-B53A-F332DC1329ED}.Debug|x86.Build.0 = Debug|Any CPU
		{13C1A167-C14E-46A7-B53A-F332DC1329ED}.Release|Any CPU.ActiveCfg = Release|Any CPU
		{13C1A167-C14E-46A7-B53A-F332DC1329ED}.Release|Any CPU.Build.0 = Release|Any CPU
		{13C1A167-C14E-46A7-B53A-F332DC1329ED}.Release|x64.ActiveCfg = Release|Any CPU
		{13C1A167-C14E-46A7-B53A-F332DC1329ED}.Release|x64.Build.0 = Release|Any CPU
		{13C1A167-C14E-46A7-B53A-F332DC1329ED}.Release|x86.ActiveCfg = Release|Any CPU
		{13C1A167-C14E-46A7-B53A-F332DC1329ED}.Release|x86.Build.0 = Release|Any CPU
		{A1B2C3D4-E5F6-7890-ABCD-EF1234567890}.Debug|Any CPU.ActiveCfg = Debug|Any CPU
		{A1B2C3D4-E5F6-7890-ABCD-EF1234567890}.Debug|Any CPU.Build.0 = Debug|Any CPU
		{A1B2C3D4-E5F6-7890-ABCD-EF1234567890}.Debug|x64.ActiveCfg = Debug|Any CPU
		{A1B2C3D4-E5F6-7890-ABCD-EF1234567890}.Debug|x64.Build.0 = Debug|Any CPU
		{A1B2C3D4-E5F6-7890-ABCD-EF1234567890}.Debug|x86.ActiveCfg = Debug|Any CPU
		{A1B2C3D4-E5F6-7890-ABCD-EF1234567890}.Debug|x86.Build.0 = Debug|Any CPU
		{A1B2C3D4-E5F6-7890-ABCD-EF1234567890}.Release|Any CPU.ActiveCfg = Release|Any CPU
		{A1B2C3D4-E5F6-7890-ABCD-EF1234567890}.Release|Any CPU.Build.0 = Release|Any CPU
		{A1B2C3D4-E5F6-7890-ABCD-EF1234567890}.Release|x64.ActiveCfg = Release|Any CPU
		{A1B2C3D4-E5F6-7890-ABCD-EF1234567890}.Release|x64.Build.0 = Release|Any CPU
		{A1B2C3D4-E5F6-7890-ABCD-EF1234567890}.Release|x86.ActiveCfg = Release|Any CPU
		{A1B2C3D4-E5F6-7890-ABCD-EF1234567890}.Release|x86.Build.0 = Release|Any CPU
		{3C45B707-ADC9-493D-ADD5-6DF3B2F5ED41}.Debug|Any CPU.ActiveCfg = Debug|Any CPU
		{3C45B707-ADC9-493D-ADD5-6DF3B2F5ED41}.Debug|Any CPU.Build.0 = Debug|Any CPU
		{3C45B707-ADC9-493D-ADD5-6DF3B2F5ED41}.Debug|x64.ActiveCfg = Debug|Any CPU
		{3C45B707-ADC9-493D-ADD5-6DF3B2F5ED41}.Debug|x64.Build.0 = Debug|Any CPU
		{3C45B707-ADC9-493D-ADD5-6DF3B2F5ED41}.Debug|x86.ActiveCfg = Debug|Any CPU
		{3C45B707-ADC9-493D-ADD5-6DF3B2F5ED41}.Debug|x86.Build.0 = Debug|Any CPU
		{3C45B707-ADC9-493D-ADD5-6DF3B2F5ED41}.Release|Any CPU.ActiveCfg = Release|Any CPU
		{3C45B707-ADC9-493D-ADD5-6DF3B2F5ED41}.Release|Any CPU.Build.0 = Release|Any CPU
		{3C45B707-ADC9-493D-ADD5-6DF3B2F5ED41}.Release|x64.ActiveCfg = Release|Any CPU
		{3C45B707-ADC9-493D-ADD5-6DF3B2F5ED41}.Release|x64.Build.0 = Release|Any CPU
		{3C45B707-ADC9-493D-ADD5-6DF3B2F5ED41}.Release|x86.ActiveCfg = Release|Any CPU
		{3C45B707-ADC9-493D-ADD5-6DF3B2F5ED41}.Release|x86.Build.0 = Release|Any CPU
		{2715620A-2053-4F41-A20C-7FDCB87F4E7E}.Debug|Any CPU.ActiveCfg = Debug|Any CPU
		{2715620A-2053-4F41-A20C-7FDCB87F4E7E}.Debug|Any CPU.Build.0 = Debug|Any CPU
		{2715620A-2053-4F41-A20C-7FDCB87F4E7E}.Debug|x64.ActiveCfg = Debug|Any CPU
		{2715620A-2053-4F41-A20C-7FDCB87F4E7E}.Debug|x64.Build.0 = Debug|Any CPU
		{2715620A-2053-4F41-A20C-7FDCB87F4E7E}.Debug|x86.ActiveCfg = Debug|Any CPU
		{2715620A-2053-4F41-A20C-7FDCB87F4E7E}.Debug|x86.Build.0 = Debug|Any CPU
		{2715620A-2053-4F41-A20C-7FDCB87F4E7E}.Release|Any CPU.ActiveCfg = Release|Any CPU
		{2715620A-2053-4F41-A20C-7FDCB87F4E7E}.Release|Any CPU.Build.0 = Release|Any CPU
		{2715620A-2053-4F41-A20C-7FDCB87F4E7E}.Release|x64.ActiveCfg = Release|Any CPU
		{2715620A-2053-4F41-A20C-7FDCB87F4E7E}.Release|x64.Build.0 = Release|Any CPU
		{2715620A-2053-4F41-A20C-7FDCB87F4E7E}.Release|x86.ActiveCfg = Release|Any CPU
		{2715620A-2053-4F41-A20C-7FDCB87F4E7E}.Release|x86.Build.0 = Release|Any CPU
		{18304789-F002-47C4-BA31-2B9DB1B92AFA}.Debug|Any CPU.ActiveCfg = Debug|Any CPU
		{18304789-F002-47C4-BA31-2B9DB1B92AFA}.Debug|Any CPU.Build.0 = Debug|Any CPU
		{18304789-F002-47C4-BA31-2B9DB1B92AFA}.Debug|x64.ActiveCfg = Debug|Any CPU
		{18304789-F002-47C4-BA31-2B9DB1B92AFA}.Debug|x64.Build.0 = Debug|Any CPU
		{18304789-F002-47C4-BA31-2B9DB1B92AFA}.Debug|x86.ActiveCfg = Debug|Any CPU
		{18304789-F002-47C4-BA31-2B9DB1B92AFA}.Debug|x86.Build.0 = Debug|Any CPU
		{18304789-F002-47C4-BA31-2B9DB1B92AFA}.Release|Any CPU.ActiveCfg = Release|Any CPU
		{18304789-F002-47C4-BA31-2B9DB1B92AFA}.Release|Any CPU.Build.0 = Release|Any CPU
		{18304789-F002-47C4-BA31-2B9DB1B92AFA}.Release|x64.ActiveCfg = Release|Any CPU
		{18304789-F002-47C4-BA31-2B9DB1B92AFA}.Release|x64.Build.0 = Release|Any CPU
		{18304789-F002-47C4-BA31-2B9DB1B92AFA}.Release|x86.ActiveCfg = Release|Any CPU
		{18304789-F002-47C4-BA31-2B9DB1B92AFA}.Release|x86.Build.0 = Release|Any CPU
		{9C5FB51F-18A9-44E1-BA65-9B8A18229441}.Debug|Any CPU.ActiveCfg = Debug|Any CPU
		{9C5FB51F-18A9-44E1-BA65-9B8A18229441}.Debug|Any CPU.Build.0 = Debug|Any CPU
		{9C5FB51F-18A9-44E1-BA65-9B8A18229441}.Debug|x64.ActiveCfg = Debug|Any CPU
		{9C5FB51F-18A9-44E1-BA65-9B8A18229441}.Debug|x64.Build.0 = Debug|Any CPU
		{9C5FB51F-18A9-44E1-BA65-9B8A18229441}.Debug|x86.ActiveCfg = Debug|Any CPU
		{9C5FB51F-18A9-44E1-BA65-9B8A18229441}.Debug|x86.Build.0 = Debug|Any CPU
		{9C5FB51F-18A9-44E1-BA65-9B8A18229441}.Release|Any CPU.ActiveCfg = Release|Any CPU
		{9C5FB51F-18A9-44E1-BA65-9B8A18229441}.Release|Any CPU.Build.0 = Release|Any CPU
		{9C5FB51F-18A9-44E1-BA65-9B8A18229441}.Release|x64.ActiveCfg = Release|Any CPU
		{9C5FB51F-18A9-44E1-BA65-9B8A18229441}.Release|x64.Build.0 = Release|Any CPU
		{9C5FB51F-18A9-44E1-BA65-9B8A18229441}.Release|x86.ActiveCfg = Release|Any CPU
		{9C5FB51F-18A9-44E1-BA65-9B8A18229441}.Release|x86.Build.0 = Release|Any CPU
		{721BE685-EE7D-4B20-AB16-6CAC70F05E8C}.Debug|Any CPU.ActiveCfg = Debug|Any CPU
		{721BE685-EE7D-4B20-AB16-6CAC70F05E8C}.Debug|Any CPU.Build.0 = Debug|Any CPU
		{721BE685-EE7D-4B20-AB16-6CAC70F05E8C}.Debug|x64.ActiveCfg = Debug|Any CPU
		{721BE685-EE7D-4B20-AB16-6CAC70F05E8C}.Debug|x64.Build.0 = Debug|Any CPU
		{721BE685-EE7D-4B20-AB16-6CAC70F05E8C}.Debug|x86.ActiveCfg = Debug|Any CPU
		{721BE685-EE7D-4B20-AB16-6CAC70F05E8C}.Debug|x86.Build.0 = Debug|Any CPU
		{721BE685-EE7D-4B20-AB16-6CAC70F05E8C}.Release|Any CPU.ActiveCfg = Release|Any CPU
		{721BE685-EE7D-4B20-AB16-6CAC70F05E8C}.Release|Any CPU.Build.0 = Release|Any CPU
		{721BE685-EE7D-4B20-AB16-6CAC70F05E8C}.Release|x64.ActiveCfg = Release|Any CPU
		{721BE685-EE7D-4B20-AB16-6CAC70F05E8C}.Release|x64.Build.0 = Release|Any CPU
		{721BE685-EE7D-4B20-AB16-6CAC70F05E8C}.Release|x86.ActiveCfg = Release|Any CPU
		{721BE685-EE7D-4B20-AB16-6CAC70F05E8C}.Release|x86.Build.0 = Release|Any CPU
	EndGlobalSection
	GlobalSection(SolutionProperties) = preSolution
		HideSolutionNode = FALSE
	EndGlobalSection
	GlobalSection(NestedProjects) = preSolution
		{5C30D4A3-321C-49CD-BEA7-68834174A478} = {26708333-A48C-4A64-B37C-D4511DD7FE96}
		{BFE24C18-B699-48A7-9FC4-271DC9ED5C70} = {26708333-A48C-4A64-B37C-D4511DD7FE96}
		{13C1A167-C14E-46A7-B53A-F332DC1329ED} = {26708333-A48C-4A64-B37C-D4511DD7FE96}
		{A1B2C3D4-E5F6-7890-ABCD-EF1234567890} = {26708333-A48C-4A64-B37C-D4511DD7FE96}
		{3C45B707-ADC9-493D-ADD5-6DF3B2F5ED41} = {81A30560-B56F-49A8-81DD-DD2C68453F14}
		{2715620A-2053-4F41-A20C-7FDCB87F4E7E} = {81A30560-B56F-49A8-81DD-DD2C68453F14}
		{18304789-F002-47C4-BA31-2B9DB1B92AFA} = {81A30560-B56F-49A8-81DD-DD2C68453F14}
		{9C5FB51F-18A9-44E1-BA65-9B8A18229441} = {81A30560-B56F-49A8-81DD-DD2C68453F14}
		{721BE685-EE7D-4B20-AB16-6CAC70F05E8C} = {0AB3BF05-4346-4AA6-1389-037BE0695223}
	EndGlobalSection
EndGlobal
